
Microsoft Visual Studio Solution File, Format Version 12.00
# Visual Studio Version 17
VisualStudioVersion = 17.2.32630.192
MinimumVisualStudioVersion = 10.0.40219.1
Project("{9A19103F-16F7-4668-BE54-9A1E7A4F7556}") = "Interactor", "BSTU\RequestsScheduler\Interactor\Interactor.csproj", "{F7EF77D7-F024-4C77-B368-865AADA09DD8}"
EndProject
Project("{9A19103F-16F7-4668-BE54-9A1E7A4F7556}") = "Interactor.Tests", "BSTU\RequestsScheduler\Interactor\Tests\Interactor.Tests.csproj", "{8A88FE27-94E5-4F60-AC80-3D2D48C5212C}"
EndProject
Project("{9A19103F-16F7-4668-BE54-9A1E7A4F7556}") = "Configuration", "BSTU\RequestsScheduler\Configuration\Configuration.csproj", "{CBC3A9EE-F3A9-4568-9A68-6A63C1B5571B}"
EndProject
Project("{9A19103F-16F7-4668-BE54-9A1E7A4F7556}") = "Configuration.Tests", "BSTU\RequestsScheduler\Configuration\Tests\Configuration.Tests.csproj", "{F6893F47-02B0-40C9-8BC0-AB34409B3553}"
EndProject
Project("{FAE04EC0-301F-11D3-BF4B-00C04F79EFBC}") = "Worker", "BSTU\RequestsScheduler\Worker\Worker.csproj", "{C3147DC9-5FFA-4293-8AF2-57CD49D6F7B7}"
EndProject
Global
	GlobalSection(SolutionConfigurationPlatforms) = preSolution
		Debug|Any CPU = Debug|Any CPU
		Release|Any CPU = Release|Any CPU
	EndGlobalSection
	GlobalSection(ProjectConfigurationPlatforms) = postSolution
		{F7EF77D7-F024-4C77-B368-865AADA09DD8}.Debug|Any CPU.ActiveCfg = Debug|Any CPU
		{F7EF77D7-F024-4C77-B368-865AADA09DD8}.Debug|Any CPU.Build.0 = Debug|Any CPU
		{F7EF77D7-F024-4C77-B368-865AADA09DD8}.Release|Any CPU.ActiveCfg = Release|Any CPU
		{F7EF77D7-F024-4C77-B368-865AADA09DD8}.Release|Any CPU.Build.0 = Release|Any CPU
		{8A88FE27-94E5-4F60-AC80-3D2D48C5212C}.Debug|Any CPU.ActiveCfg = Debug|Any CPU
		{8A88FE27-94E5-4F60-AC80-3D2D48C5212C}.Debug|Any CPU.Build.0 = Debug|Any CPU
		{8A88FE27-94E5-4F60-AC80-3D2D48C5212C}.Release|Any CPU.ActiveCfg = Release|Any CPU
		{8A88FE27-94E5-4F60-AC80-3D2D48C5212C}.Release|Any CPU.Build.0 = Release|Any CPU
		{CBC3A9EE-F3A9-4568-9A68-6A63C1B5571B}.Debug|Any CPU.ActiveCfg = Debug|Any CPU
		{CBC3A9EE-F3A9-4568-9A68-6A63C1B5571B}.Debug|Any CPU.Build.0 = Debug|Any CPU
		{CBC3A9EE-F3A9-4568-9A68-6A63C1B5571B}.Release|Any CPU.ActiveCfg = Release|Any CPU
		{CBC3A9EE-F3A9-4568-9A68-6A63C1B5571B}.Release|Any CPU.Build.0 = Release|Any CPU
		{F6893F47-02B0-40C9-8BC0-AB34409B3553}.Debug|Any CPU.ActiveCfg = Debug|Any CPU
		{F6893F47-02B0-40C9-8BC0-AB34409B3553}.Debug|Any CPU.Build.0 = Debug|Any CPU
		{F6893F47-02B0-40C9-8BC0-AB34409B3553}.Release|Any CPU.ActiveCfg = Release|Any CPU
		{F6893F47-02B0-40C9-8BC0-AB34409B3553}.Release|Any CPU.Build.0 = Release|Any CPU
		{C3147DC9-5FFA-4293-8AF2-57CD49D6F7B7}.Debug|Any CPU.ActiveCfg = Debug|Any CPU
		{C3147DC9-5FFA-4293-8AF2-57CD49D6F7B7}.Debug|Any CPU.Build.0 = Debug|Any CPU
		{C3147DC9-5FFA-4293-8AF2-57CD49D6F7B7}.Release|Any CPU.ActiveCfg = Release|Any CPU
		{C3147DC9-5FFA-4293-8AF2-57CD49D6F7B7}.Release|Any CPU.Build.0 = Release|Any CPU
	EndGlobalSection
	GlobalSection(SolutionProperties) = preSolution
		HideSolutionNode = FALSE
	EndGlobalSection
	GlobalSection(ExtensibilityGlobals) = postSolution
		SolutionGuid = {65E70AE9-CE46-42E3-BA11-C114D6BC53E0}
	EndGlobalSection
EndGlobal
